
Microsoft Visual Studio Solution File, Format Version 12.00
# Visual Studio 15
VisualStudioVersion = 15.0.28307.421
MinimumVisualStudioVersion = 10.0.40219.1
Project("{8BC9CEB8-8B4A-11D0-8D11-00A0C91BC942}") = "CarPool", "CarPool.vcxproj", "{E0C1725F-7193-4C96-BED6-047D675F823F}"
EndProject
Global
	GlobalSection(SolutionConfigurationPlatforms) = preSolution
		Debug|x64 = Debug|x64
		Debug|x86 = Debug|x86
		Release|x64 = Release|x64
		Release|x86 = Release|x86
	EndGlobalSection
	GlobalSection(ProjectConfigurationPlatforms) = postSolution
		{E0C1725F-7193-4C96-BED6-047D675F823F}.Debug|x64.ActiveCfg = Debug|x64
		{E0C1725F-7193-4C96-BED6-047D675F823F}.Debug|x64.Build.0 = Debug|x64
		{E0C1725F-7193-4C96-BED6-047D675F823F}.Debug|x86.ActiveCfg = Debug|Win32
		{E0C1725F-7193-4C96-BED6-047D675F823F}.Debug|x86.Build.0 = Debug|Win32
		{E0C1725F-7193-4C96-BED6-047D675F823F}.Release|x64.ActiveCfg = Release|x64
		{E0C1725F-7193-4C96-BED6-047D675F823F}.Release|x64.Build.0 = Release|x64
		{E0C1725F-7193-4C96-BED6-047D675F823F}.Release|x86.ActiveCfg = Release|Win32
		{E0C1725F-7193-4C96-BED6-047D675F823F}.Release|x86.Build.0 = Release|Win32
	EndGlobalSection
	GlobalSection(SolutionProperties) = preSolution
		HideSolutionNode = FALSE
	EndGlobalSection
	GlobalSection(ExtensibilityGlobals) = postSolution
		SolutionGuid = {4A857EC7-633E-444E-8821-2753D2E55184}
	EndGlobalSection
EndGlobal
