
Microsoft Visual Studio Solution File, Format Version 12.00
# Visual Studio 15
VisualStudioVersion = 15.0.28307.421
MinimumVisualStudioVersion = 10.0.40219.1
Project("{8BC9CEB8-8B4A-11D0-8D11-00A0C91BC942}") = "CheapestCarPooling", "CheapestCarPooling\CheapestCarPooling.vcxproj", "{A2041CFE-4972-4A62-A6B3-50A628387674}"
EndProject
Global
	GlobalSection(SolutionConfigurationPlatforms) = preSolution
		Debug|x64 = Debug|x64
		Debug|x86 = Debug|x86
		Release|x64 = Release|x64
		Release|x86 = Release|x86
	EndGlobalSection
	GlobalSection(ProjectConfigurationPlatforms) = postSolution
		{A2041CFE-4972-4A62-A6B3-50A628387674}.Debug|x64.ActiveCfg = Debug|x64
		{A2041CFE-4972-4A62-A6B3-50A628387674}.Debug|x64.Build.0 = Debug|x64
		{A2041CFE-4972-4A62-A6B3-50A628387674}.Debug|x86.ActiveCfg = Debug|Win32
		{A2041CFE-4972-4A62-A6B3-50A628387674}.Debug|x86.Build.0 = Debug|Win32
		{A2041CFE-4972-4A62-A6B3-50A628387674}.Release|x64.ActiveCfg = Release|x64
		{A2041CFE-4972-4A62-A6B3-50A628387674}.Release|x64.Build.0 = Release|x64
		{A2041CFE-4972-4A62-A6B3-50A628387674}.Release|x86.ActiveCfg = Release|Win32
		{A2041CFE-4972-4A62-A6B3-50A628387674}.Release|x86.Build.0 = Release|Win32
	EndGlobalSection
	GlobalSection(SolutionProperties) = preSolution
		HideSolutionNode = FALSE
	EndGlobalSection
	GlobalSection(ExtensibilityGlobals) = postSolution
		SolutionGuid = {C419D547-29CC-474E-B8BC-8D5DF2ADCFE0}
	EndGlobalSection
EndGlobal
